{
	"name": "@eqela/jkop",
	"version": "4.0.0",
	"lockfileVersion": 2,
	"requires": true,
	"packages": {
		"": {
			"name": "@eqela/jkop",
			"version": "4.0.0",
			"devDependencies": {
				"@eqela/sling2node": "3.3.2"
			}
		},
		"node_modules/@eqela/sling2node": {
			"version": "3.3.2",
			"resolved": "https://registry.npmjs.org/@eqela/sling2node/-/sling2node-3.3.2.tgz",
			"integrity": "sha512-Un9j7Oow/Gncb8mUgE4/NYE2Vei0MJDfteYAEAWdBICW8rBl48coZol9QKGaeNZoaXZcXNH2a3zjn2xXKRAYpw==",
			"dev": true,
			"bin": {
				"sling2node": "sling2node.js"
			}
		}
	},
	"dependencies": {
		"@eqela/sling2node": {
			"version": "3.3.2",
			"resolved": "https://registry.npmjs.org/@eqela/sling2node/-/sling2node-3.3.2.tgz",
			"integrity": "sha512-Un9j7Oow/Gncb8mUgE4/NYE2Vei0MJDfteYAEAWdBICW8rBl48coZol9QKGaeNZoaXZcXNH2a3zjn2xXKRAYpw==",
			"dev": true
		}
	}
}
